
Microsoft Visual Studio Solution File, Format Version 12.00
# Visual Studio Version 16
VisualStudioVersion = 16.0.30717.126
MinimumVisualStudioVersion = 10.0.40219.1
Project("{8BC9CEB8-8B4A-11D0-8D11-00A0C91BC942}") = "Stroustrup", "Stroustrup\Stroustrup.vcxproj", "{CECA56F0-86FB-4446-A7AD-913B6B710648}"
EndProject
Global
	GlobalSection(SolutionConfigurationPlatforms) = preSolution
		Debug|x64 = Debug|x64
		Debug|x86 = Debug|x86
		Release|x64 = Release|x64
		Release|x86 = Release|x86
	EndGlobalSection
	GlobalSection(ProjectConfigurationPlatforms) = postSolution
		{CECA56F0-86FB-4446-A7AD-913B6B710648}.Debug|x64.ActiveCfg = Debug|x64
		{CECA56F0-86FB-4446-A7AD-913B6B710648}.Debug|x64.Build.0 = Debug|x64
		{CECA56F0-86FB-4446-A7AD-913B6B710648}.Debug|x86.ActiveCfg = Debug|Win32
		{CECA56F0-86FB-4446-A7AD-913B6B710648}.Debug|x86.Build.0 = Debug|Win32
		{CECA56F0-86FB-4446-A7AD-913B6B710648}.Release|x64.ActiveCfg = Release|x64
		{CECA56F0-86FB-4446-A7AD-913B6B710648}.Release|x64.Build.0 = Release|x64
		{CECA56F0-86FB-4446-A7AD-913B6B710648}.Release|x86.ActiveCfg = Release|Win32
		{CECA56F0-86FB-4446-A7AD-913B6B710648}.Release|x86.Build.0 = Release|Win32
	EndGlobalSection
	GlobalSection(SolutionProperties) = preSolution
		HideSolutionNode = FALSE
	EndGlobalSection
	GlobalSection(ExtensibilityGlobals) = postSolution
		SolutionGuid = {E6989CF9-4C7A-404F-A861-7A2E44D71FD7}
	EndGlobalSection
EndGlobal
